
Microsoft Visual Studio Solution File, Format Version 12.00
# Visual Studio Version 17
VisualStudioVersion = 17.8.34330.188
MinimumVisualStudioVersion = 10.0.40219.1
Project("{FAE04EC0-301F-11D3-BF4B-00C04F79EFBC}") = "To Do List", "To Do List\To Do List.csproj", "{2B621FD3-1A00-4390-943F-B0E714B8DE18}"
EndProject
Global
	GlobalSection(SolutionConfigurationPlatforms) = preSolution
		Debug|Any CPU = Debug|Any CPU
		Release|Any CPU = Release|Any CPU
	EndGlobalSection
	GlobalSection(ProjectConfigurationPlatforms) = postSolution
		{2B621FD3-1A00-4390-943F-B0E714B8DE18}.Debug|Any CPU.ActiveCfg = Debug|Any CPU
		{2B621FD3-1A00-4390-943F-B0E714B8DE18}.Debug|Any CPU.Build.0 = Debug|Any CPU
		{2B621FD3-1A00-4390-943F-B0E714B8DE18}.Release|Any CPU.ActiveCfg = Release|Any CPU
		{2B621FD3-1A00-4390-943F-B0E714B8DE18}.Release|Any CPU.Build.0 = Release|Any CPU
	EndGlobalSection
	GlobalSection(SolutionProperties) = preSolution
		HideSolutionNode = FALSE
	EndGlobalSection
	GlobalSection(ExtensibilityGlobals) = postSolution
		SolutionGuid = {D204705D-233E-4AE1-BF06-40846DD041AA}
	EndGlobalSection
EndGlobal
